
Microsoft Visual Studio Solution File, Format Version 10.00
# Visual Studio 2008
Project("{8BC9CEB8-8B4A-11D0-8D11-00A0C91BC942}") = "GASystem", "GASystem\GASystem.vcproj", "{33658910-1D9C-4AC4-B854-A6572A4436AC}"
EndProject
Global
	GlobalSection(SolutionConfigurationPlatforms) = preSolution
		Debug|Win32 = Debug|Win32
		Release|Win32 = Release|Win32
	EndGlobalSection
	GlobalSection(ProjectConfigurationPlatforms) = postSolution
		{33658910-1D9C-4AC4-B854-A6572A4436AC}.Debug|Win32.ActiveCfg = Debug|Win32
		{33658910-1D9C-4AC4-B854-A6572A4436AC}.Debug|Win32.Build.0 = Debug|Win32
		{33658910-1D9C-4AC4-B854-A6572A4436AC}.Release|Win32.ActiveCfg = Release|Win32
		{33658910-1D9C-4AC4-B854-A6572A4436AC}.Release|Win32.Build.0 = Release|Win32
	EndGlobalSection
	GlobalSection(SolutionProperties) = preSolution
		HideSolutionNode = FALSE
	EndGlobalSection
EndGlobal
